
Microsoft Visual Studio Solution File, Format Version 12.00
# Visual Studio Version 17
VisualStudioVersion = 17.6.33829.357
MinimumVisualStudioVersion = 10.0.40219.1
Project("{9A19103F-16F7-4668-BE54-9A1E7A4F7556}") = "GPA_Calculator", "GPACalculator\GPA_Calculator.csproj", "{D4CAE842-C844-4BB8-8855-BFF68896D1F3}"
	ProjectSection(ProjectDependencies) = postProject
		{9200D82D-7502-4E3F-B2DE-0D53B6814BB5} = {9200D82D-7502-4E3F-B2DE-0D53B6814BB5}
	EndProjectSection
EndProject
Project("{FAE04EC0-301F-11D3-BF4B-00C04F79EFBC}") = "GPA_Calculator_Library", "GPA_Calculator_Library\GPA_Calculator_Library.csproj", "{9200D82D-7502-4E3F-B2DE-0D53B6814BB5}"
EndProject
Global
	GlobalSection(SolutionConfigurationPlatforms) = preSolution
		Debug|Any CPU = Debug|Any CPU
		Release|Any CPU = Release|Any CPU
	EndGlobalSection
	GlobalSection(ProjectConfigurationPlatforms) = postSolution
		{D4CAE842-C844-4BB8-8855-BFF68896D1F3}.Debug|Any CPU.ActiveCfg = Debug|Any CPU
		{D4CAE842-C844-4BB8-8855-BFF68896D1F3}.Debug|Any CPU.Build.0 = Debug|Any CPU
		{D4CAE842-C844-4BB8-8855-BFF68896D1F3}.Release|Any CPU.ActiveCfg = Release|Any CPU
		{D4CAE842-C844-4BB8-8855-BFF68896D1F3}.Release|Any CPU.Build.0 = Release|Any CPU
		{9200D82D-7502-4E3F-B2DE-0D53B6814BB5}.Debug|Any CPU.ActiveCfg = Debug|Any CPU
		{9200D82D-7502-4E3F-B2DE-0D53B6814BB5}.Debug|Any CPU.Build.0 = Debug|Any CPU
		{9200D82D-7502-4E3F-B2DE-0D53B6814BB5}.Release|Any CPU.ActiveCfg = Release|Any CPU
		{9200D82D-7502-4E3F-B2DE-0D53B6814BB5}.Release|Any CPU.Build.0 = Release|Any CPU
	EndGlobalSection
	GlobalSection(SolutionProperties) = preSolution
		HideSolutionNode = FALSE
	EndGlobalSection
	GlobalSection(ExtensibilityGlobals) = postSolution
		SolutionGuid = {8D34CE4F-F007-48BD-B578-7527C6C7E286}
	EndGlobalSection
EndGlobal
